{
  "nodes": {
    "blueprint": {
      "inputs": {
        "nixpkgs": [
          "nixpkgs"
        ],
        "systems": "systems"
      },
      "locked": {
        "lastModified": 1743008896,
        "narHash": "sha256-mU0WYwrgN8Sus4ktBsSzkvs0++vAKrhNE0A0vWo8AzY=",
        "owner": "numtide",
        "repo": "blueprint",
        "rev": "7ae2142c8b5a47bed6d403fdd5f5a1215961e10c",
        "type": "github"
      },
      "original": {
        "owner": "numtide",
        "repo": "blueprint",
        "type": "github"
      }
    },
    "nixpkgs": {
      "locked": {
        "lastModified": 1743827369,
        "narHash": "sha256-rpqepOZ8Eo1zg+KJeWoq1HAOgoMCDloqv5r2EAa9TSA=",
        "owner": "NixOS",
        "repo": "nixpkgs",
        "rev": "42a1c966be226125b48c384171c44c651c236c22",
        "type": "github"
      },
      "original": {
        "owner": "NixOS",
        "ref": "nixos-unstable",
        "repo": "nixpkgs",
        "type": "github"
      }
    },
    "nixpkgs_2": {
      "locked": {
        "lastModified": 1735554305,
        "narHash": "sha256-zExSA1i/b+1NMRhGGLtNfFGXgLtgo+dcuzHzaWA6w3Q=",
        "owner": "nixos",
        "repo": "nixpkgs",
        "rev": "0e82ab234249d8eee3e8c91437802b32c74bb3fd",
        "type": "github"
      },
      "original": {
        "owner": "nixos",
        "ref": "nixpkgs-unstable",
        "repo": "nixpkgs",
        "type": "github"
      }
    },
    "pico-extras-src": {
      "flake": false,
      "locked": {
        "lastModified": 1743198571,
        "narHash": "sha256-2R5RBxyWlaTJYwSfYkwmPYj60xXFoiTn/PgpXOYHmU4=",
        "ref": "refs/heads/master",
        "rev": "4ccfef6fe068bbae8106d0d1f072c7f997472040",
        "revCount": 52,
        "submodules": true,
        "type": "git",
        "url": "https://github.com/raspberrypi/pico-extras.git"
      },
      "original": {
        "submodules": true,
        "type": "git",
        "url": "https://github.com/raspberrypi/pico-extras.git"
      }
    },
    "pico-host-sdl-src": {
      "flake": false,
      "locked": {
        "lastModified": 1723118654,
        "narHash": "sha256-6ffSakYP8fT6luxRNiLkcwkP8tBN5nv6zhqc/1GkObk=",
        "ref": "refs/heads/master",
        "rev": "ca26aaa91efeb224b23114237bed12ef325ece87",
        "revCount": 7,
        "submodules": true,
        "type": "git",
        "url": "https://github.com/raspberrypi/pico-host-sdl.git"
      },
      "original": {
        "submodules": true,
        "type": "git",
        "url": "https://github.com/raspberrypi/pico-host-sdl.git"
      }
    },
    "pico-sdk-src": {
      "flake": false,
      "locked": {
        "lastModified": 1740004325,
        "narHash": "sha256-wfvsDfzxkKImD7rFbqxD/+53WLebLuRpG91fjiLYDxY=",
        "ref": "refs/heads/master",
        "rev": "ee68c78d0afae2b69c03ae1a72bf5cc267a2d94c",
        "revCount": 1057,
        "submodules": true,
        "type": "git",
        "url": "https://github.com/raspberrypi/pico-sdk.git"
      },
      "original": {
        "submodules": true,
        "type": "git",
        "url": "https://github.com/raspberrypi/pico-sdk.git"
      }
    },
    "root": {
      "inputs": {
        "blueprint": "blueprint",
        "nixpkgs": "nixpkgs",
        "pico-extras-src": "pico-extras-src",
        "pico-host-sdl-src": "pico-host-sdl-src",
        "pico-sdk-src": "pico-sdk-src",
        "treefmt-nix": "treefmt-nix"
      }
    },
    "systems": {
      "locked": {
        "lastModified": 1681028828,
        "narHash": "sha256-Vy1rq5AaRuLzOxct8nz4T6wlgyUR7zLU309k9mBC768=",
        "owner": "nix-systems",
        "repo": "default",
        "rev": "da67096a3b9bf56a91d16901293e51ba5b49a27e",
        "type": "github"
      },
      "original": {
        "owner": "nix-systems",
        "repo": "default",
        "type": "github"
      }
    },
    "treefmt-nix": {
      "inputs": {
        "nixpkgs": "nixpkgs_2"
      },
      "locked": {
        "lastModified": 1743748085,
        "narHash": "sha256-uhjnlaVTWo5iD3LXics1rp9gaKgDRQj6660+gbUU3cE=",
        "owner": "numtide",
        "repo": "treefmt-nix",
        "rev": "815e4121d6a5d504c0f96e5be2dd7f871e4fd99d",
        "type": "github"
      },
      "original": {
        "owner": "numtide",
        "repo": "treefmt-nix",
        "type": "github"
      }
    }
  },
  "root": "root",
  "version": 7
}
