{
  "nodes": {
    "blueprint": {
      "inputs": {
        "nixpkgs": [
          "nixpkgs"
        ],
        "systems": "systems"
      },
      "locked": {
        "lastModified": 1742810182,
        "narHash": "sha256-K0VpsMJHQcIfOXoYW/IDa5HNhLp02XEfUt5fCjmRQBA=",
        "owner": "numtide",
        "repo": "blueprint",
        "rev": "5663edeaef8952926ce96d34a3c40d240717efcf",
        "type": "github"
      },
      "original": {
        "owner": "numtide",
        "repo": "blueprint",
        "type": "github"
      }
    },
    "nixpkgs": {
      "locked": {
        "lastModified": 1742669843,
        "narHash": "sha256-G5n+FOXLXcRx+3hCJ6Rt6ZQyF1zqQ0DL0sWAMn2Nk0w=",
        "owner": "NixOS",
        "repo": "nixpkgs",
        "rev": "1e5b653dff12029333a6546c11e108ede13052eb",
        "type": "github"
      },
      "original": {
        "owner": "NixOS",
        "ref": "nixos-unstable",
        "repo": "nixpkgs",
        "type": "github"
      }
    },
    "pico-extras-src": {
      "flake": false,
      "locked": {
        "lastModified": 1732051222,
        "narHash": "sha256-Ee3MICjSO6W7j2UEi5Kil2NdvC96vr5DCBKwTHinPMs=",
        "ref": "refs/heads/master",
        "rev": "f05d4f7371802440cadd36744789a26944d950ac",
        "revCount": 51,
        "submodules": true,
        "type": "git",
        "url": "https://github.com/raspberrypi/pico-extras.git"
      },
      "original": {
        "submodules": true,
        "type": "git",
        "url": "https://github.com/raspberrypi/pico-extras.git"
      }
    },
    "pico-host-sdl-src": {
      "flake": false,
      "locked": {
        "lastModified": 1723118654,
        "narHash": "sha256-6ffSakYP8fT6luxRNiLkcwkP8tBN5nv6zhqc/1GkObk=",
        "ref": "refs/heads/master",
        "rev": "ca26aaa91efeb224b23114237bed12ef325ece87",
        "revCount": 7,
        "submodules": true,
        "type": "git",
        "url": "https://github.com/raspberrypi/pico-host-sdl.git"
      },
      "original": {
        "submodules": true,
        "type": "git",
        "url": "https://github.com/raspberrypi/pico-host-sdl.git"
      }
    },
    "pico-sdk-src": {
      "flake": false,
      "locked": {
        "lastModified": 1740004325,
        "narHash": "sha256-wfvsDfzxkKImD7rFbqxD/+53WLebLuRpG91fjiLYDxY=",
        "ref": "refs/heads/master",
        "rev": "ee68c78d0afae2b69c03ae1a72bf5cc267a2d94c",
        "revCount": 1057,
        "submodules": true,
        "type": "git",
        "url": "https://github.com/raspberrypi/pico-sdk.git"
      },
      "original": {
        "submodules": true,
        "type": "git",
        "url": "https://github.com/raspberrypi/pico-sdk.git"
      }
    },
    "root": {
      "inputs": {
        "blueprint": "blueprint",
        "nixpkgs": "nixpkgs",
        "pico-extras-src": "pico-extras-src",
        "pico-host-sdl-src": "pico-host-sdl-src",
        "pico-sdk-src": "pico-sdk-src"
      }
    },
    "systems": {
      "locked": {
        "lastModified": 1681028828,
        "narHash": "sha256-Vy1rq5AaRuLzOxct8nz4T6wlgyUR7zLU309k9mBC768=",
        "owner": "nix-systems",
        "repo": "default",
        "rev": "da67096a3b9bf56a91d16901293e51ba5b49a27e",
        "type": "github"
      },
      "original": {
        "owner": "nix-systems",
        "repo": "default",
        "type": "github"
      }
    }
  },
  "root": "root",
  "version": 7
}
