{
  "nodes": {
    "blueprint": {
      "inputs": {
        "nixpkgs": [
          "rp2040nix",
          "nixpkgs"
        ],
        "systems": "systems_2"
      },
      "locked": {
        "lastModified": 1743008896,
        "narHash": "sha256-mU0WYwrgN8Sus4ktBsSzkvs0++vAKrhNE0A0vWo8AzY=",
        "owner": "numtide",
        "repo": "blueprint",
        "rev": "7ae2142c8b5a47bed6d403fdd5f5a1215961e10c",
        "type": "github"
      },
      "original": {
        "owner": "numtide",
        "repo": "blueprint",
        "type": "github"
      }
    },
    "flake-utils": {
      "inputs": {
        "systems": "systems"
      },
      "locked": {
        "lastModified": 1731533236,
        "narHash": "sha256-l0KFg5HjrsfsO/JpG+r7fRrqm12kzFHyUHqHCVpMMbI=",
        "owner": "numtide",
        "repo": "flake-utils",
        "rev": "11707dc2f618dd54ca8739b309ec4fc024de578b",
        "type": "github"
      },
      "original": {
        "owner": "numtide",
        "repo": "flake-utils",
        "type": "github"
      }
    },
    "nixpkgs": {
      "locked": {
        "lastModified": 1743827369,
        "narHash": "sha256-rpqepOZ8Eo1zg+KJeWoq1HAOgoMCDloqv5r2EAa9TSA=",
        "owner": "NixOS",
        "repo": "nixpkgs",
        "rev": "42a1c966be226125b48c384171c44c651c236c22",
        "type": "github"
      },
      "original": {
        "owner": "NixOS",
        "ref": "nixos-unstable",
        "repo": "nixpkgs",
        "type": "github"
      }
    },
    "pico-extras-src": {
      "flake": false,
      "locked": {
        "lastModified": 1743198571,
        "narHash": "sha256-2R5RBxyWlaTJYwSfYkwmPYj60xXFoiTn/PgpXOYHmU4=",
        "ref": "refs/heads/master",
        "rev": "4ccfef6fe068bbae8106d0d1f072c7f997472040",
        "revCount": 52,
        "submodules": true,
        "type": "git",
        "url": "https://github.com/raspberrypi/pico-extras.git"
      },
      "original": {
        "submodules": true,
        "type": "git",
        "url": "https://github.com/raspberrypi/pico-extras.git"
      }
    },
    "pico-host-sdl-src": {
      "flake": false,
      "locked": {
        "lastModified": 1723118654,
        "narHash": "sha256-6ffSakYP8fT6luxRNiLkcwkP8tBN5nv6zhqc/1GkObk=",
        "ref": "refs/heads/master",
        "rev": "ca26aaa91efeb224b23114237bed12ef325ece87",
        "revCount": 7,
        "submodules": true,
        "type": "git",
        "url": "https://github.com/raspberrypi/pico-host-sdl.git"
      },
      "original": {
        "submodules": true,
        "type": "git",
        "url": "https://github.com/raspberrypi/pico-host-sdl.git"
      }
    },
    "pico-sdk-src": {
      "flake": false,
      "locked": {
        "lastModified": 1740004325,
        "narHash": "sha256-wfvsDfzxkKImD7rFbqxD/+53WLebLuRpG91fjiLYDxY=",
        "ref": "refs/heads/master",
        "rev": "ee68c78d0afae2b69c03ae1a72bf5cc267a2d94c",
        "revCount": 1057,
        "submodules": true,
        "type": "git",
        "url": "https://github.com/raspberrypi/pico-sdk.git"
      },
      "original": {
        "submodules": true,
        "type": "git",
        "url": "https://github.com/raspberrypi/pico-sdk.git"
      }
    },
    "root": {
      "inputs": {
        "flake-utils": "flake-utils",
        "nixpkgs": "nixpkgs",
        "rp2040nix": "rp2040nix"
      }
    },
    "rp2040nix": {
      "inputs": {
        "blueprint": "blueprint",
        "nixpkgs": [
          "nixpkgs"
        ],
        "pico-extras-src": "pico-extras-src",
        "pico-host-sdl-src": "pico-host-sdl-src",
        "pico-sdk-src": "pico-sdk-src"
      },
      "locked": {
        "lastModified": 1744042000,
        "narHash": "sha256-vwk4gdK90ssBl9yAfHt0Oi3CMLn56fnzRZX8/XTZAyc=",
        "owner": "baileylutcd",
        "repo": "rp2040nix",
        "rev": "9d59ac960888efb44050c77ed26cf3e5ca5a89b2",
        "type": "github"
      },
      "original": {
        "owner": "baileylutcd",
        "repo": "rp2040nix",
        "type": "github"
      }
    },
    "systems": {
      "locked": {
        "lastModified": 1681028828,
        "narHash": "sha256-Vy1rq5AaRuLzOxct8nz4T6wlgyUR7zLU309k9mBC768=",
        "owner": "nix-systems",
        "repo": "default",
        "rev": "da67096a3b9bf56a91d16901293e51ba5b49a27e",
        "type": "github"
      },
      "original": {
        "owner": "nix-systems",
        "repo": "default",
        "type": "github"
      }
    },
    "systems_2": {
      "locked": {
        "lastModified": 1681028828,
        "narHash": "sha256-Vy1rq5AaRuLzOxct8nz4T6wlgyUR7zLU309k9mBC768=",
        "owner": "nix-systems",
        "repo": "default",
        "rev": "da67096a3b9bf56a91d16901293e51ba5b49a27e",
        "type": "github"
      },
      "original": {
        "owner": "nix-systems",
        "repo": "default",
        "type": "github"
      }
    }
  },
  "root": "root",
  "version": 7
}
